
Microsoft Visual Studio Solution File, Format Version 12.00
# Visual Studio Version 17
VisualStudioVersion = 17.0.32112.339
MinimumVisualStudioVersion = 10.0.40219.1
Project("{FAE04EC0-301F-11D3-BF4B-00C04F79EFBC}") = "W3xPipeline", "W3xPipeline.csproj", "{49C419DC-1F3E-47DD-BA72-85716CF8AB8B}"
EndProject
Project("{FAE04EC0-301F-11D3-BF4B-00C04F79EFBC}") = "War3.Net", "..\War3.Net\War3.Net.csproj", "{7A71176C-24AF-4F26-9B92-34258053B2FF}"
EndProject
Project("{FAE04EC0-301F-11D3-BF4B-00C04F79EFBC}") = "CreateSlimArchive", "..\CreateSlimArchive\CreateSlimArchive.csproj", "{B95A4C04-25F6-49ED-8D1B-EDE3B48324EE}"
EndProject
Project("{FAE04EC0-301F-11D3-BF4B-00C04F79EFBC}") = "Driver", "..\Driver\Driver.csproj", "{FF132ADB-7694-475A-A9D5-CDC189794E37}"
EndProject
Project("{FAE04EC0-301F-11D3-BF4B-00C04F79EFBC}") = "StormLibSharp", "..\War3.Net\External\StormLibSharp\src\StormLibSharp\StormLibSharp.csproj", "{D0139C61-6BA0-4F07-B1E8-551023CD2624}"
EndProject
Global
	GlobalSection(SolutionConfigurationPlatforms) = preSolution
		Debug|Any CPU = Debug|Any CPU
		Debug|x64 = Debug|x64
		Release|Any CPU = Release|Any CPU
		Release|x64 = Release|x64
	EndGlobalSection
	GlobalSection(ProjectConfigurationPlatforms) = postSolution
		{49C419DC-1F3E-47DD-BA72-85716CF8AB8B}.Debug|Any CPU.ActiveCfg = Debug|x64
		{49C419DC-1F3E-47DD-BA72-85716CF8AB8B}.Debug|Any CPU.Build.0 = Debug|x64
		{49C419DC-1F3E-47DD-BA72-85716CF8AB8B}.Debug|x64.ActiveCfg = Debug|x64
		{49C419DC-1F3E-47DD-BA72-85716CF8AB8B}.Debug|x64.Build.0 = Debug|x64
		{49C419DC-1F3E-47DD-BA72-85716CF8AB8B}.Release|Any CPU.ActiveCfg = Release|x64
		{49C419DC-1F3E-47DD-BA72-85716CF8AB8B}.Release|Any CPU.Build.0 = Release|x64
		{49C419DC-1F3E-47DD-BA72-85716CF8AB8B}.Release|x64.ActiveCfg = Release|x64
		{49C419DC-1F3E-47DD-BA72-85716CF8AB8B}.Release|x64.Build.0 = Release|x64
		{7A71176C-24AF-4F26-9B92-34258053B2FF}.Debug|Any CPU.ActiveCfg = Debug|Any CPU
		{7A71176C-24AF-4F26-9B92-34258053B2FF}.Debug|Any CPU.Build.0 = Debug|Any CPU
		{7A71176C-24AF-4F26-9B92-34258053B2FF}.Debug|x64.ActiveCfg = Debug|Any CPU
		{7A71176C-24AF-4F26-9B92-34258053B2FF}.Debug|x64.Build.0 = Debug|Any CPU
		{7A71176C-24AF-4F26-9B92-34258053B2FF}.Release|Any CPU.ActiveCfg = Release|Any CPU
		{7A71176C-24AF-4F26-9B92-34258053B2FF}.Release|Any CPU.Build.0 = Release|Any CPU
		{7A71176C-24AF-4F26-9B92-34258053B2FF}.Release|x64.ActiveCfg = Release|Any CPU
		{7A71176C-24AF-4F26-9B92-34258053B2FF}.Release|x64.Build.0 = Release|Any CPU
		{B95A4C04-25F6-49ED-8D1B-EDE3B48324EE}.Debug|Any CPU.ActiveCfg = Debug|Any CPU
		{B95A4C04-25F6-49ED-8D1B-EDE3B48324EE}.Debug|Any CPU.Build.0 = Debug|Any CPU
		{B95A4C04-25F6-49ED-8D1B-EDE3B48324EE}.Debug|x64.ActiveCfg = Debug|x64
		{B95A4C04-25F6-49ED-8D1B-EDE3B48324EE}.Debug|x64.Build.0 = Debug|x64
		{B95A4C04-25F6-49ED-8D1B-EDE3B48324EE}.Release|Any CPU.ActiveCfg = Release|Any CPU
		{B95A4C04-25F6-49ED-8D1B-EDE3B48324EE}.Release|Any CPU.Build.0 = Release|Any CPU
		{B95A4C04-25F6-49ED-8D1B-EDE3B48324EE}.Release|x64.ActiveCfg = Release|Any CPU
		{B95A4C04-25F6-49ED-8D1B-EDE3B48324EE}.Release|x64.Build.0 = Release|Any CPU
		{FF132ADB-7694-475A-A9D5-CDC189794E37}.Debug|Any CPU.ActiveCfg = Debug|Any CPU
		{FF132ADB-7694-475A-A9D5-CDC189794E37}.Debug|Any CPU.Build.0 = Debug|Any CPU
		{FF132ADB-7694-475A-A9D5-CDC189794E37}.Debug|x64.ActiveCfg = Debug|x64
		{FF132ADB-7694-475A-A9D5-CDC189794E37}.Debug|x64.Build.0 = Debug|x64
		{FF132ADB-7694-475A-A9D5-CDC189794E37}.Release|Any CPU.ActiveCfg = Release|Any CPU
		{FF132ADB-7694-475A-A9D5-CDC189794E37}.Release|Any CPU.Build.0 = Release|Any CPU
		{FF132ADB-7694-475A-A9D5-CDC189794E37}.Release|x64.ActiveCfg = Release|Any CPU
		{FF132ADB-7694-475A-A9D5-CDC189794E37}.Release|x64.Build.0 = Release|Any CPU
		{D0139C61-6BA0-4F07-B1E8-551023CD2624}.Debug|Any CPU.ActiveCfg = Debug|Any CPU
		{D0139C61-6BA0-4F07-B1E8-551023CD2624}.Debug|Any CPU.Build.0 = Debug|Any CPU
		{D0139C61-6BA0-4F07-B1E8-551023CD2624}.Debug|x64.ActiveCfg = Debug|x64
		{D0139C61-6BA0-4F07-B1E8-551023CD2624}.Debug|x64.Build.0 = Debug|x64
		{D0139C61-6BA0-4F07-B1E8-551023CD2624}.Release|Any CPU.ActiveCfg = Release|Any CPU
		{D0139C61-6BA0-4F07-B1E8-551023CD2624}.Release|Any CPU.Build.0 = Release|Any CPU
		{D0139C61-6BA0-4F07-B1E8-551023CD2624}.Release|x64.ActiveCfg = Release|x64
		{D0139C61-6BA0-4F07-B1E8-551023CD2624}.Release|x64.Build.0 = Release|x64
	EndGlobalSection
	GlobalSection(SolutionProperties) = preSolution
		HideSolutionNode = FALSE
	EndGlobalSection
	GlobalSection(ExtensibilityGlobals) = postSolution
		SolutionGuid = {2CEC1F44-BAB5-49E1-B72F-BD98B9938F0E}
	EndGlobalSection
EndGlobal
